
Microsoft Visual Studio Solution File, Format Version 12.00
# Visual Studio Version 17
VisualStudioVersion = 17.9.34622.214
MinimumVisualStudioVersion = 10.0.40219.1
Project("{9A19103F-16F7-4668-BE54-9A1E7A4F7556}") = "UI", "UI\UI.csproj", "{23DFB016-AEDD-494E-94AD-7F2F2359F159}"
EndProject
Project("{9A19103F-16F7-4668-BE54-9A1E7A4F7556}") = "Core", "Core\Core.csproj", "{CFD5C774-6B21-4F91-9A05-3E76CB3C3680}"
EndProject
Global
	GlobalSection(SolutionConfigurationPlatforms) = preSolution
		Debug|Any CPU = Debug|Any CPU
		Debug|ARM64 = Debug|ARM64
		Debug|x64 = Debug|x64
		Debug|x86 = Debug|x86
		Release|Any CPU = Release|Any CPU
		Release|ARM64 = Release|ARM64
		Release|x64 = Release|x64
		Release|x86 = Release|x86
	EndGlobalSection
	GlobalSection(ProjectConfigurationPlatforms) = postSolution
		{23DFB016-AEDD-494E-94AD-7F2F2359F159}.Debug|Any CPU.ActiveCfg = Debug|x64
		{23DFB016-AEDD-494E-94AD-7F2F2359F159}.Debug|Any CPU.Build.0 = Debug|x64
		{23DFB016-AEDD-494E-94AD-7F2F2359F159}.Debug|Any CPU.Deploy.0 = Debug|x64
		{23DFB016-AEDD-494E-94AD-7F2F2359F159}.Debug|ARM64.ActiveCfg = Debug|ARM64
		{23DFB016-AEDD-494E-94AD-7F2F2359F159}.Debug|ARM64.Build.0 = Debug|ARM64
		{23DFB016-AEDD-494E-94AD-7F2F2359F159}.Debug|ARM64.Deploy.0 = Debug|ARM64
		{23DFB016-AEDD-494E-94AD-7F2F2359F159}.Debug|x64.ActiveCfg = Debug|x64
		{23DFB016-AEDD-494E-94AD-7F2F2359F159}.Debug|x64.Build.0 = Debug|x64
		{23DFB016-AEDD-494E-94AD-7F2F2359F159}.Debug|x64.Deploy.0 = Debug|x64
		{23DFB016-AEDD-494E-94AD-7F2F2359F159}.Debug|x86.ActiveCfg = Debug|x86
		{23DFB016-AEDD-494E-94AD-7F2F2359F159}.Debug|x86.Build.0 = Debug|x86
		{23DFB016-AEDD-494E-94AD-7F2F2359F159}.Debug|x86.Deploy.0 = Debug|x86
		{23DFB016-AEDD-494E-94AD-7F2F2359F159}.Release|Any CPU.ActiveCfg = Release|x64
		{23DFB016-AEDD-494E-94AD-7F2F2359F159}.Release|Any CPU.Build.0 = Release|x64
		{23DFB016-AEDD-494E-94AD-7F2F2359F159}.Release|Any CPU.Deploy.0 = Release|x64
		{23DFB016-AEDD-494E-94AD-7F2F2359F159}.Release|ARM64.ActiveCfg = Release|ARM64
		{23DFB016-AEDD-494E-94AD-7F2F2359F159}.Release|ARM64.Build.0 = Release|ARM64
		{23DFB016-AEDD-494E-94AD-7F2F2359F159}.Release|ARM64.Deploy.0 = Release|ARM64
		{23DFB016-AEDD-494E-94AD-7F2F2359F159}.Release|x64.ActiveCfg = Release|x64
		{23DFB016-AEDD-494E-94AD-7F2F2359F159}.Release|x64.Build.0 = Release|x64
		{23DFB016-AEDD-494E-94AD-7F2F2359F159}.Release|x64.Deploy.0 = Release|x64
		{23DFB016-AEDD-494E-94AD-7F2F2359F159}.Release|x86.ActiveCfg = Release|x86
		{23DFB016-AEDD-494E-94AD-7F2F2359F159}.Release|x86.Build.0 = Release|x86
		{23DFB016-AEDD-494E-94AD-7F2F2359F159}.Release|x86.Deploy.0 = Release|x86
		{CFD5C774-6B21-4F91-9A05-3E76CB3C3680}.Debug|Any CPU.ActiveCfg = Debug|Any CPU
		{CFD5C774-6B21-4F91-9A05-3E76CB3C3680}.Debug|Any CPU.Build.0 = Debug|Any CPU
		{CFD5C774-6B21-4F91-9A05-3E76CB3C3680}.Debug|ARM64.ActiveCfg = Debug|Any CPU
		{CFD5C774-6B21-4F91-9A05-3E76CB3C3680}.Debug|ARM64.Build.0 = Debug|Any CPU
		{CFD5C774-6B21-4F91-9A05-3E76CB3C3680}.Debug|x64.ActiveCfg = Debug|Any CPU
		{CFD5C774-6B21-4F91-9A05-3E76CB3C3680}.Debug|x64.Build.0 = Debug|Any CPU
		{CFD5C774-6B21-4F91-9A05-3E76CB3C3680}.Debug|x86.ActiveCfg = Debug|Any CPU
		{CFD5C774-6B21-4F91-9A05-3E76CB3C3680}.Debug|x86.Build.0 = Debug|Any CPU
		{CFD5C774-6B21-4F91-9A05-3E76CB3C3680}.Release|Any CPU.ActiveCfg = Release|Any CPU
		{CFD5C774-6B21-4F91-9A05-3E76CB3C3680}.Release|Any CPU.Build.0 = Release|Any CPU
		{CFD5C774-6B21-4F91-9A05-3E76CB3C3680}.Release|ARM64.ActiveCfg = Release|Any CPU
		{CFD5C774-6B21-4F91-9A05-3E76CB3C3680}.Release|ARM64.Build.0 = Release|Any CPU
		{CFD5C774-6B21-4F91-9A05-3E76CB3C3680}.Release|x64.ActiveCfg = Release|Any CPU
		{CFD5C774-6B21-4F91-9A05-3E76CB3C3680}.Release|x64.Build.0 = Release|Any CPU
		{CFD5C774-6B21-4F91-9A05-3E76CB3C3680}.Release|x86.ActiveCfg = Release|Any CPU
		{CFD5C774-6B21-4F91-9A05-3E76CB3C3680}.Release|x86.Build.0 = Release|Any CPU
	EndGlobalSection
	GlobalSection(SolutionProperties) = preSolution
		HideSolutionNode = FALSE
	EndGlobalSection
	GlobalSection(ExtensibilityGlobals) = postSolution
		SolutionGuid = {3C111013-586F-4AF5-927E-0A2BA1C2668B}
	EndGlobalSection
EndGlobal
